// !$*UTF8*$!
{
	archiveVersion = 1;
	classes = {
	};
	objectVersion = 77;
	objects = {

/* Begin PBXBuildFile section */
		660910C82EB57D6900D1EEEC /* PROJECT_DETAIL_VIEW_REFACTORING_PLAN.md in Resources */ = {isa = PBXBuildFile; fileRef = 660910C72EB57D6900D1EEEC /* PROJECT_DETAIL_VIEW_REFACTORING_PLAN.md */; };
		660910CA2EB57E6A00D1EEEC /* PROJECT_DETAIL_VIEW_ANALYSIS.md in Resources */ = {isa = PBXBuildFile; fileRef = 660910C92EB57E6A00D1EEEC /* PROJECT_DETAIL_VIEW_ANALYSIS.md */; };
		660910CC2EB57EB000D1EEEC /* COMPONENT_RESPONSIBILITY_MATRIX.md in Resources */ = {isa = PBXBuildFile; fileRef = 660910CB2EB57EB000D1EEEC /* COMPONENT_RESPONSIBILITY_MATRIX.md */; };
		660910CE2EB5810400D1EEEC /* APPLE_STANDARD_ANALYSIS.md in Resources */ = {isa = PBXBuildFile; fileRef = 660910CD2EB5810400D1EEEC /* APPLE_STANDARD_ANALYSIS.md */; };
		660910D02EB5816800D1EEEC /* APPLE_STANDARD_IMPLEMENTATION_PLAN.md in Resources */ = {isa = PBXBuildFile; fileRef = 660910CF2EB5816800D1EEEC /* APPLE_STANDARD_IMPLEMENTATION_PLAN.md */; };
		660910D22EB5843700D1EEEC /* DAY_1_BASELINE_ANALYSIS.md in Resources */ = {isa = PBXBuildFile; fileRef = 660910D12EB5843700D1EEEC /* DAY_1_BASELINE_ANALYSIS.md */; };
		660910D42EB58B7200D1EEEC /* ProjectFormValidator.swift in Sources */ = {isa = PBXBuildFile; fileRef = 660910D32EB58B7200D1EEEC /* ProjectFormValidator.swift */; };
		660910D62EB58B9400D1EEEC /* ProjectValidationViewModel.swift in Sources */ = {isa = PBXBuildFile; fileRef = 660910D52EB58B9400D1EEEC /* ProjectValidationViewModel.swift */; };
		660910D82EB58BC900D1EEEC /* ProjectFormValidatorTests.swift in Sources */ = {isa = PBXBuildFile; fileRef = 660910D72EB58BC900D1EEEC /* ProjectFormValidatorTests.swift */; };
		660910DA2EB58C0300D1EEEC /* ProjectValidationViewModelTests.swift in Sources */ = {isa = PBXBuildFile; fileRef = 660910D92EB58C0300D1EEEC /* ProjectValidationViewModelTests.swift */; };
		660910DC2EB58C4700D1EEEC /* DAY_2_PROGRESS_REPORT.md in Resources */ = {isa = PBXBuildFile; fileRef = 660910DB2EB58C4700D1EEEC /* DAY_2_PROGRESS_REPORT.md */; };
		660EDF892EB408FF007A6895 /* ARCHITECTURE_REFERENCE.md in Resources */ = {isa = PBXBuildFile; fileRef = 660EDF882EB408FF007A6895 /* ARCHITECTURE_REFERENCE.md */; };
		660EDF8B2EB41421007A6895 /* SENIOR_DEVELOPER_REVIEW.md in Resources */ = {isa = PBXBuildFile; fileRef = 660EDF8A2EB41421007A6895 /* SENIOR_DEVELOPER_REVIEW.md */; };
		660EDF8D2EB41802007A6895 /* DataBackupService.swift in Sources */ = {isa = PBXBuildFile; fileRef = 660EDF8C2EB41802007A6895 /* DataBackupService.swift */; };
		660EDFEB2EB453EE007A6895 /* Extensions.swift in Sources */ = {isa = PBXBuildFile; fileRef = 660EDFE22EB453EE007A6895 /* Extensions.swift */; };
		660EE0532EB4653B007A6895 /* ValidationHelper.swift in Sources */ = {isa = PBXBuildFile; fileRef = 660EE0522EB4653B007A6895 /* ValidationHelper.swift */; };
		660EE0552EB46550007A6895 /* LedgerError.swift in Sources */ = {isa = PBXBuildFile; fileRef = 660EE0542EB46550007A6895 /* LedgerError.swift */; };
		6655141F2EB468DD0006F0EE /* ValidationErrorAlert.swift in Sources */ = {isa = PBXBuildFile; fileRef = 665514182EB468DD0006F0EE /* ValidationErrorAlert.swift */; };
		665514722EB46A3D0006F0EE /* ServicesProjectService.swift in Sources */ = {isa = PBXBuildFile; fileRef = 665514712EB46A3D0006F0EE /* ServicesProjectService.swift */; };
		665514742EB46A480006F0EE /* ServicesInvoiceService.swift in Sources */ = {isa = PBXBuildFile; fileRef = 665514732EB46A480006F0EE /* ServicesInvoiceService.swift */; };
		665514782EB46A530006F0EE /* ExtensionsViewExtensions.swift in Sources */ = {isa = PBXBuildFile; fileRef = 665514772EB46A530006F0EE /* ExtensionsViewExtensions.swift */; };
		6655147A2EB46A570006F0EE /* ExtensionsProjectExtensions.swift in Sources */ = {isa = PBXBuildFile; fileRef = 665514792EB46A570006F0EE /* ExtensionsProjectExtensions.swift */; };
		6660F3962E9B2880007AA17D /* OnboardingView.swift in Sources */ = {isa = PBXBuildFile; fileRef = 6660F3952E9B2880007AA17D /* OnboardingView.swift */; };
		669973662EB51B360050D124 /* ValidationSummaryBanner.swift in Sources */ = {isa = PBXBuildFile; fileRef = 669973652EB51B360050D124 /* ValidationSummaryBanner.swift */; };
		6699736A2EB53FD10050D124 /* PhoneNumberFormatter.swift in Sources */ = {isa = PBXBuildFile; fileRef = 669973692EB53FD00050D124 /* PhoneNumberFormatter.swift */; };
		6699736E2EB54E560050D124 /* ExtensionsDateExtensions.swift in Sources */ = {isa = PBXBuildFile; fileRef = 6699736D2EB54E560050D124 /* ExtensionsDateExtensions.swift */; };
		66C6162C2DAF2BA100161D7E /* Preview Assets.xcassets in Resources */ = {isa = PBXBuildFile; fileRef = 66C616242DAF2BA100161D7E /* Preview Assets.xcassets */; };
		66C6162D2DAF2BA100161D7E /* Assets.xcassets in Resources */ = {isa = PBXBuildFile; fileRef = 66C616262DAF2BA100161D7E /* Assets.xcassets */; };
		66C6162E2DAF2BA100161D7E /* ContentView.swift in Sources */ = {isa = PBXBuildFile; fileRef = 66C616272DAF2BA100161D7E /* ContentView.swift */; };
		66C616302DAF2BA100161D7E /* Ledger_8App.swift in Sources */ = {isa = PBXBuildFile; fileRef = 66C616292DAF2BA100161D7E /* Ledger_8App.swift */; };
		66C616602DB00BBF00161D7E /* SwiftUIFontIcon in Frameworks */ = {isa = PBXBuildFile; productRef = 66C6165F2DB00BBF00161D7E /* SwiftUIFontIcon */; };
/* End PBXBuildFile section */

/* Begin PBXContainerItemProxy section */
		660EDFA22EB43C6A007A6895 /* PBXContainerItemProxy */ = {
			isa = PBXContainerItemProxy;
			containerPortal = 66C616072DAF2B2E00161D7E /* Project object */;
			proxyType = 1;
			remoteGlobalIDString = 66C6160E2DAF2B2E00161D7E;
			remoteInfo = "Ledger 8";
		};
/* End PBXContainerItemProxy section */

/* Begin PBXFileReference section */
		660910C72EB57D6900D1EEEC /* PROJECT_DETAIL_VIEW_REFACTORING_PLAN.md */ = {isa = PBXFileReference; lastKnownFileType = net.daringfireball.markdown; path = PROJECT_DETAIL_VIEW_REFACTORING_PLAN.md; sourceTree = "<group>"; };
		660910C92EB57E6A00D1EEEC /* PROJECT_DETAIL_VIEW_ANALYSIS.md */ = {isa = PBXFileReference; lastKnownFileType = net.daringfireball.markdown; path = PROJECT_DETAIL_VIEW_ANALYSIS.md; sourceTree = "<group>"; };
		660910CB2EB57EB000D1EEEC /* COMPONENT_RESPONSIBILITY_MATRIX.md */ = {isa = PBXFileReference; lastKnownFileType = net.daringfireball.markdown; path = COMPONENT_RESPONSIBILITY_MATRIX.md; sourceTree = "<group>"; };
		660910CD2EB5810400D1EEEC /* APPLE_STANDARD_ANALYSIS.md */ = {isa = PBXFileReference; lastKnownFileType = net.daringfireball.markdown; path = APPLE_STANDARD_ANALYSIS.md; sourceTree = "<group>"; };
		660910CF2EB5816800D1EEEC /* APPLE_STANDARD_IMPLEMENTATION_PLAN.md */ = {isa = PBXFileReference; lastKnownFileType = net.daringfireball.markdown; path = APPLE_STANDARD_IMPLEMENTATION_PLAN.md; sourceTree = "<group>"; };
		660910D12EB5843700D1EEEC /* DAY_1_BASELINE_ANALYSIS.md */ = {isa = PBXFileReference; lastKnownFileType = net.daringfireball.markdown; path = DAY_1_BASELINE_ANALYSIS.md; sourceTree = "<group>"; };
		660910D32EB58B7200D1EEEC /* ProjectFormValidator.swift */ = {isa = PBXFileReference; lastKnownFileType = sourcecode.swift; path = ProjectFormValidator.swift; sourceTree = "<group>"; };
		660910D52EB58B9400D1EEEC /* ProjectValidationViewModel.swift */ = {isa = PBXFileReference; lastKnownFileType = sourcecode.swift; path = ProjectValidationViewModel.swift; sourceTree = "<group>"; };
		660910D72EB58BC900D1EEEC /* ProjectFormValidatorTests.swift */ = {isa = PBXFileReference; lastKnownFileType = sourcecode.swift; path = ProjectFormValidatorTests.swift; sourceTree = "<group>"; };
		660910D92EB58C0300D1EEEC /* ProjectValidationViewModelTests.swift */ = {isa = PBXFileReference; lastKnownFileType = sourcecode.swift; path = ProjectValidationViewModelTests.swift; sourceTree = "<group>"; };
		660910DB2EB58C4700D1EEEC /* DAY_2_PROGRESS_REPORT.md */ = {isa = PBXFileReference; lastKnownFileType = net.daringfireball.markdown; path = DAY_2_PROGRESS_REPORT.md; sourceTree = "<group>"; };
		660EDF882EB408FF007A6895 /* ARCHITECTURE_REFERENCE.md */ = {isa = PBXFileReference; lastKnownFileType = net.daringfireball.markdown; path = ARCHITECTURE_REFERENCE.md; sourceTree = "<group>"; };
		660EDF8A2EB41421007A6895 /* SENIOR_DEVELOPER_REVIEW.md */ = {isa = PBXFileReference; lastKnownFileType = net.daringfireball.markdown; path = SENIOR_DEVELOPER_REVIEW.md; sourceTree = "<group>"; };
		660EDF8C2EB41802007A6895 /* DataBackupService.swift */ = {isa = PBXFileReference; lastKnownFileType = sourcecode.swift; path = DataBackupService.swift; sourceTree = "<group>"; };
		660EDF9E2EB43C6A007A6895 /* Ledger 8Tests.xctest */ = {isa = PBXFileReference; explicitFileType = wrapper.cfbundle; includeInIndex = 0; path = "Ledger 8Tests.xctest"; sourceTree = BUILT_PRODUCTS_DIR; };
		660EDFE22EB453EE007A6895 /* Extensions.swift */ = {isa = PBXFileReference; lastKnownFileType = sourcecode.swift; path = Extensions.swift; sourceTree = "<group>"; };
		660EE0522EB4653B007A6895 /* ValidationHelper.swift */ = {isa = PBXFileReference; lastKnownFileType = sourcecode.swift; path = ValidationHelper.swift; sourceTree = "<group>"; };
		660EE0542EB46550007A6895 /* LedgerError.swift */ = {isa = PBXFileReference; lastKnownFileType = sourcecode.swift; path = LedgerError.swift; sourceTree = "<group>"; };
		66175B1D2DB0E3AB008F6D80 /* Ledger-8-Info.plist */ = {isa = PBXFileReference; lastKnownFileType = text.plist.xml; path = "Ledger-8-Info.plist"; sourceTree = SOURCE_ROOT; };
		662222EE2E9792CE00AC1315 /* .gitignore */ = {isa = PBXFileReference; lastKnownFileType = sourcecode.swift; path = .gitignore; sourceTree = "<group>"; };
		665514182EB468DD0006F0EE /* ValidationErrorAlert.swift */ = {isa = PBXFileReference; lastKnownFileType = sourcecode.swift; path = ValidationErrorAlert.swift; sourceTree = "<group>"; };
		665514712EB46A3D0006F0EE /* ServicesProjectService.swift */ = {isa = PBXFileReference; lastKnownFileType = sourcecode.swift; path = ServicesProjectService.swift; sourceTree = "<group>"; };
		665514732EB46A480006F0EE /* ServicesInvoiceService.swift */ = {isa = PBXFileReference; lastKnownFileType = sourcecode.swift; path = ServicesInvoiceService.swift; sourceTree = "<group>"; };
		665514772EB46A530006F0EE /* ExtensionsViewExtensions.swift */ = {isa = PBXFileReference; lastKnownFileType = sourcecode.swift; path = ExtensionsViewExtensions.swift; sourceTree = "<group>"; };
		665514792EB46A570006F0EE /* ExtensionsProjectExtensions.swift */ = {isa = PBXFileReference; lastKnownFileType = sourcecode.swift; path = ExtensionsProjectExtensions.swift; sourceTree = "<group>"; };
		6660F3952E9B2880007AA17D /* OnboardingView.swift */ = {isa = PBXFileReference; lastKnownFileType = sourcecode.swift; path = OnboardingView.swift; sourceTree = "<group>"; };
		669973652EB51B360050D124 /* ValidationSummaryBanner.swift */ = {isa = PBXFileReference; lastKnownFileType = sourcecode.swift; path = ValidationSummaryBanner.swift; sourceTree = "<group>"; };
		669973692EB53FD00050D124 /* PhoneNumberFormatter.swift */ = {isa = PBXFileReference; lastKnownFileType = sourcecode.swift; path = PhoneNumberFormatter.swift; sourceTree = "<group>"; };
		6699736D2EB54E560050D124 /* ExtensionsDateExtensions.swift */ = {isa = PBXFileReference; lastKnownFileType = sourcecode.swift; path = ExtensionsDateExtensions.swift; sourceTree = "<group>"; };
		66C6160F2DAF2B2E00161D7E /* Ledger 8.app */ = {isa = PBXFileReference; explicitFileType = wrapper.application; includeInIndex = 0; path = "Ledger 8.app"; sourceTree = BUILT_PRODUCTS_DIR; };
		66C616242DAF2BA100161D7E /* Preview Assets.xcassets */ = {isa = PBXFileReference; lastKnownFileType = folder.assetcatalog; path = "Preview Assets.xcassets"; sourceTree = "<group>"; };
		66C616262DAF2BA100161D7E /* Assets.xcassets */ = {isa = PBXFileReference; lastKnownFileType = folder.assetcatalog; path = Assets.xcassets; sourceTree = "<group>"; };
		66C616272DAF2BA100161D7E /* ContentView.swift */ = {isa = PBXFileReference; lastKnownFileType = sourcecode.swift; path = ContentView.swift; sourceTree = "<group>"; };
		66C616292DAF2BA100161D7E /* Ledger_8App.swift */ = {isa = PBXFileReference; lastKnownFileType = sourcecode.swift; path = Ledger_8App.swift; sourceTree = "<group>"; };
/* End PBXFileReference section */

/* Begin PBXFileSystemSynchronizedRootGroup section */
		660EDF9F2EB43C6A007A6895 /* Ledger 8Tests */ = {
			isa = PBXFileSystemSynchronizedRootGroup;
			path = "Ledger 8Tests";
			sourceTree = "<group>";
		};
		6653CF482E84F2310079DA75 /* DNU */ = {
			isa = PBXFileSystemSynchronizedRootGroup;
			path = DNU;
			sourceTree = "<group>";
		};
		66C6165A2DB007F500161D7E /* Models */ = {
			isa = PBXFileSystemSynchronizedRootGroup;
			path = Models;
			sourceTree = "<group>";
		};
		66C6165B2DB0080400161D7E /* Views */ = {
			isa = PBXFileSystemSynchronizedRootGroup;
			path = Views;
			sourceTree = "<group>";
		};
/* End PBXFileSystemSynchronizedRootGroup section */

/* Begin PBXFrameworksBuildPhase section */
		660EDF9B2EB43C6A007A6895 /* Frameworks */ = {
			isa = PBXFrameworksBuildPhase;
			buildActionMask = 2147483647;
			files = (
			);
			runOnlyForDeploymentPostprocessing = 0;
		};
		66C6160C2DAF2B2E00161D7E /* Frameworks */ = {
			isa = PBXFrameworksBuildPhase;
			buildActionMask = 2147483647;
			files = (
				66C616602DB00BBF00161D7E /* SwiftUIFontIcon in Frameworks */,
			);
			runOnlyForDeploymentPostprocessing = 0;
		};
/* End PBXFrameworksBuildPhase section */

/* Begin PBXGroup section */
		660EE05C2EB465E5007A6895 /* Utilities */ = {
			isa = PBXGroup;
			children = (
				660EE0542EB46550007A6895 /* LedgerError.swift */,
				660EE0522EB4653B007A6895 /* ValidationHelper.swift */,
				665514182EB468DD0006F0EE /* ValidationErrorAlert.swift */,
				669973652EB51B360050D124 /* ValidationSummaryBanner.swift */,
			);
			path = Utilities;
			sourceTree = "<group>";
		};
		6655147B2EB46AD00006F0EE /* Services */ = {
			isa = PBXGroup;
			children = (
				665514712EB46A3D0006F0EE /* ServicesProjectService.swift */,
				665514732EB46A480006F0EE /* ServicesInvoiceService.swift */,
				660EDF8C2EB41802007A6895 /* DataBackupService.swift */,
			);
			path = Services;
			sourceTree = "<group>";
		};
		6655147C2EB46AF50006F0EE /* Extentions */ = {
			isa = PBXGroup;
			children = (
				660EDFE22EB453EE007A6895 /* Extensions.swift */,
				665514772EB46A530006F0EE /* ExtensionsViewExtensions.swift */,
				665514792EB46A570006F0EE /* ExtensionsProjectExtensions.swift */,
				6699736D2EB54E560050D124 /* ExtensionsDateExtensions.swift */,
			);
			path = Extentions;
			sourceTree = "<group>";
		};
		66C616062DAF2B2E00161D7E = {
			isa = PBXGroup;
			children = (
				662222EE2E9792CE00AC1315 /* .gitignore */,
				660EDF882EB408FF007A6895 /* ARCHITECTURE_REFERENCE.md */,
				660910CD2EB5810400D1EEEC /* APPLE_STANDARD_ANALYSIS.md */,
				660910CF2EB5816800D1EEEC /* APPLE_STANDARD_IMPLEMENTATION_PLAN.md */,
				660EDF8A2EB41421007A6895 /* SENIOR_DEVELOPER_REVIEW.md */,
				66C6162B2DAF2BA100161D7E /* Ledger 8 */,
				660EDF9F2EB43C6A007A6895 /* Ledger 8Tests */,
				66C616102DAF2B2E00161D7E /* Products */,
				669973692EB53FD00050D124 /* PhoneNumberFormatter.swift */,
				660910C72EB57D6900D1EEEC /* PROJECT_DETAIL_VIEW_REFACTORING_PLAN.md */,
				660910C92EB57E6A00D1EEEC /* PROJECT_DETAIL_VIEW_ANALYSIS.md */,
				660910CB2EB57EB000D1EEEC /* COMPONENT_RESPONSIBILITY_MATRIX.md */,
				660910D12EB5843700D1EEEC /* DAY_1_BASELINE_ANALYSIS.md */,
				660910D32EB58B7200D1EEEC /* ProjectFormValidator.swift */,
				660910D52EB58B9400D1EEEC /* ProjectValidationViewModel.swift */,
				660910D72EB58BC900D1EEEC /* ProjectFormValidatorTests.swift */,
				660910D92EB58C0300D1EEEC /* ProjectValidationViewModelTests.swift */,
				660910DB2EB58C4700D1EEEC /* DAY_2_PROGRESS_REPORT.md */,
			);
			sourceTree = "<group>";
		};
		66C616102DAF2B2E00161D7E /* Products */ = {
			isa = PBXGroup;
			children = (
				66C6160F2DAF2B2E00161D7E /* Ledger 8.app */,
				660EDF9E2EB43C6A007A6895 /* Ledger 8Tests.xctest */,
			);
			name = Products;
			sourceTree = "<group>";
		};
		66C616252DAF2BA100161D7E /* Preview Content */ = {
			isa = PBXGroup;
			children = (
				66C616242DAF2BA100161D7E /* Preview Assets.xcassets */,
			);
			path = "Preview Content";
			sourceTree = "<group>";
		};
		66C6162B2DAF2BA100161D7E /* Ledger 8 */ = {
			isa = PBXGroup;
			children = (
				66175B1D2DB0E3AB008F6D80 /* Ledger-8-Info.plist */,
				66C616292DAF2BA100161D7E /* Ledger_8App.swift */,
				66C616272DAF2BA100161D7E /* ContentView.swift */,
				66C616262DAF2BA100161D7E /* Assets.xcassets */,
				66C6165A2DB007F500161D7E /* Models */,
				66C6165B2DB0080400161D7E /* Views */,
				6655147C2EB46AF50006F0EE /* Extentions */,
				6655147B2EB46AD00006F0EE /* Services */,
				660EE05C2EB465E5007A6895 /* Utilities */,
				66C616252DAF2BA100161D7E /* Preview Content */,
				6653CF482E84F2310079DA75 /* DNU */,
				6660F3952E9B2880007AA17D /* OnboardingView.swift */,
			);
			path = "Ledger 8";
			sourceTree = "<group>";
		};
/* End PBXGroup section */

/* Begin PBXNativeTarget section */
		660EDF9D2EB43C6A007A6895 /* Ledger 8Tests */ = {
			isa = PBXNativeTarget;
			buildConfigurationList = 660EDFA42EB43C6A007A6895 /* Build configuration list for PBXNativeTarget "Ledger 8Tests" */;
			buildPhases = (
				660EDF9A2EB43C6A007A6895 /* Sources */,
				660EDF9B2EB43C6A007A6895 /* Frameworks */,
				660EDF9C2EB43C6A007A6895 /* Resources */,
			);
			buildRules = (
			);
			dependencies = (
				660EDFA32EB43C6A007A6895 /* PBXTargetDependency */,
			);
			fileSystemSynchronizedGroups = (
				660EDF9F2EB43C6A007A6895 /* Ledger 8Tests */,
			);
			name = "Ledger 8Tests";
			packageProductDependencies = (
			);
			productName = "Ledger 8Tests";
			productReference = 660EDF9E2EB43C6A007A6895 /* Ledger 8Tests.xctest */;
			productType = "com.apple.product-type.bundle.unit-test";
		};
		66C6160E2DAF2B2E00161D7E /* Ledger 8 */ = {
			isa = PBXNativeTarget;
			buildConfigurationList = 66C6161D2DAF2B2F00161D7E /* Build configuration list for PBXNativeTarget "Ledger 8" */;
			buildPhases = (
				66C6160B2DAF2B2E00161D7E /* Sources */,
				66C6160C2DAF2B2E00161D7E /* Frameworks */,
				66C6160D2DAF2B2E00161D7E /* Resources */,
			);
			buildRules = (
			);
			dependencies = (
			);
			fileSystemSynchronizedGroups = (
				6653CF482E84F2310079DA75 /* DNU */,
				66C6165A2DB007F500161D7E /* Models */,
				66C6165B2DB0080400161D7E /* Views */,
			);
			name = "Ledger 8";
			packageProductDependencies = (
				66C6165F2DB00BBF00161D7E /* SwiftUIFontIcon */,
			);
			productName = "Ledger 8";
			productReference = 66C6160F2DAF2B2E00161D7E /* Ledger 8.app */;
			productType = "com.apple.product-type.application";
		};
/* End PBXNativeTarget section */

/* Begin PBXProject section */
		66C616072DAF2B2E00161D7E /* Project object */ = {
			isa = PBXProject;
			attributes = {
				BuildIndependentTargetsInParallel = 1;
				LastSwiftUpdateCheck = 2600;
				LastUpgradeCheck = 2600;
				TargetAttributes = {
					660EDF9D2EB43C6A007A6895 = {
						CreatedOnToolsVersion = 26.0.1;
						TestTargetID = 66C6160E2DAF2B2E00161D7E;
					};
					66C6160E2DAF2B2E00161D7E = {
						CreatedOnToolsVersion = 16.2;
					};
				};
			};
			buildConfigurationList = 66C6160A2DAF2B2E00161D7E /* Build configuration list for PBXProject "Ledger 8 Main" */;
			developmentRegion = en;
			hasScannedForEncodings = 0;
			knownRegions = (
				en,
				Base,
			);
			mainGroup = 66C616062DAF2B2E00161D7E;
			minimizedProjectReferenceProxies = 1;
			packageReferences = (
				66C6165E2DB00BBF00161D7E /* XCRemoteSwiftPackageReference "SwiftUIFontIcon" */,
			);
			preferredProjectObjectVersion = 77;
			productRefGroup = 66C616102DAF2B2E00161D7E /* Products */;
			projectDirPath = "";
			projectRoot = "";
			targets = (
				66C6160E2DAF2B2E00161D7E /* Ledger 8 */,
				660EDF9D2EB43C6A007A6895 /* Ledger 8Tests */,
			);
		};
/* End PBXProject section */

/* Begin PBXResourcesBuildPhase section */
		660EDF9C2EB43C6A007A6895 /* Resources */ = {
			isa = PBXResourcesBuildPhase;
			buildActionMask = 2147483647;
			files = (
			);
			runOnlyForDeploymentPostprocessing = 0;
		};
		66C6160D2DAF2B2E00161D7E /* Resources */ = {
			isa = PBXResourcesBuildPhase;
			buildActionMask = 2147483647;
			files = (
				660EDF8B2EB41421007A6895 /* SENIOR_DEVELOPER_REVIEW.md in Resources */,
				660910D02EB5816800D1EEEC /* APPLE_STANDARD_IMPLEMENTATION_PLAN.md in Resources */,
				660910CE2EB5810400D1EEEC /* APPLE_STANDARD_ANALYSIS.md in Resources */,
				660910D22EB5843700D1EEEC /* DAY_1_BASELINE_ANALYSIS.md in Resources */,
				660910CA2EB57E6A00D1EEEC /* PROJECT_DETAIL_VIEW_ANALYSIS.md in Resources */,
				660EDF892EB408FF007A6895 /* ARCHITECTURE_REFERENCE.md in Resources */,
				660910CC2EB57EB000D1EEEC /* COMPONENT_RESPONSIBILITY_MATRIX.md in Resources */,
				66C6162C2DAF2BA100161D7E /* Preview Assets.xcassets in Resources */,
				66C6162D2DAF2BA100161D7E /* Assets.xcassets in Resources */,
				660910DC2EB58C4700D1EEEC /* DAY_2_PROGRESS_REPORT.md in Resources */,
				660910C82EB57D6900D1EEEC /* PROJECT_DETAIL_VIEW_REFACTORING_PLAN.md in Resources */,
			);
			runOnlyForDeploymentPostprocessing = 0;
		};
/* End PBXResourcesBuildPhase section */

/* Begin PBXSourcesBuildPhase section */
		660EDF9A2EB43C6A007A6895 /* Sources */ = {
			isa = PBXSourcesBuildPhase;
			buildActionMask = 2147483647;
			files = (
			);
			runOnlyForDeploymentPostprocessing = 0;
		};
		66C6160B2DAF2B2E00161D7E /* Sources */ = {
			isa = PBXSourcesBuildPhase;
			buildActionMask = 2147483647;
			files = (
				665514722EB46A3D0006F0EE /* ServicesProjectService.swift in Sources */,
				6699736A2EB53FD10050D124 /* PhoneNumberFormatter.swift in Sources */,
				665514782EB46A530006F0EE /* ExtensionsViewExtensions.swift in Sources */,
				665514742EB46A480006F0EE /* ServicesInvoiceService.swift in Sources */,
				6655141F2EB468DD0006F0EE /* ValidationErrorAlert.swift in Sources */,
				6655147A2EB46A570006F0EE /* ExtensionsProjectExtensions.swift in Sources */,
				6699736E2EB54E560050D124 /* ExtensionsDateExtensions.swift in Sources */,
				660EDFEB2EB453EE007A6895 /* Extensions.swift in Sources */,
				660EE0552EB46550007A6895 /* LedgerError.swift in Sources */,
				669973662EB51B360050D124 /* ValidationSummaryBanner.swift in Sources */,
				660910D82EB58BC900D1EEEC /* ProjectFormValidatorTests.swift in Sources */,
				660910D62EB58B9400D1EEEC /* ProjectValidationViewModel.swift in Sources */,
				660910D42EB58B7200D1EEEC /* ProjectFormValidator.swift in Sources */,
				660EE0532EB4653B007A6895 /* ValidationHelper.swift in Sources */,
				660910DA2EB58C0300D1EEEC /* ProjectValidationViewModelTests.swift in Sources */,
				66C6162E2DAF2BA100161D7E /* ContentView.swift in Sources */,
				660EDF8D2EB41802007A6895 /* DataBackupService.swift in Sources */,
				66C616302DAF2BA100161D7E /* Ledger_8App.swift in Sources */,
				6660F3962E9B2880007AA17D /* OnboardingView.swift in Sources */,
			);
			runOnlyForDeploymentPostprocessing = 0;
		};
/* End PBXSourcesBuildPhase section */

/* Begin PBXTargetDependency section */
		660EDFA32EB43C6A007A6895 /* PBXTargetDependency */ = {
			isa = PBXTargetDependency;
			target = 66C6160E2DAF2B2E00161D7E /* Ledger 8 */;
			targetProxy = 660EDFA22EB43C6A007A6895 /* PBXContainerItemProxy */;
		};
/* End PBXTargetDependency section */

/* Begin XCBuildConfiguration section */
		660EDFA52EB43C6A007A6895 /* Debug */ = {
			isa = XCBuildConfiguration;
			buildSettings = {
				BUNDLE_LOADER = "$(TEST_HOST)";
				CODE_SIGN_STYLE = Automatic;
				CURRENT_PROJECT_VERSION = 1;
				DEVELOPMENT_TEAM = 976JPUPMGY;
				GENERATE_INFOPLIST_FILE = YES;
				IPHONEOS_DEPLOYMENT_TARGET = 26.0;
				MACOSX_DEPLOYMENT_TARGET = 26.0;
				MARKETING_VERSION = 1.0;
				PRODUCT_BUNDLE_IDENTIFIER = "com.witcher.Ledger-8Tests";
				PRODUCT_NAME = "$(TARGET_NAME)";
				SDKROOT = auto;
				STRING_CATALOG_GENERATE_SYMBOLS = NO;
				SUPPORTED_PLATFORMS = "iphoneos iphonesimulator macosx xros xrsimulator";
				SWIFT_APPROACHABLE_CONCURRENCY = YES;
				SWIFT_EMIT_LOC_STRINGS = NO;
				SWIFT_UPCOMING_FEATURE_MEMBER_IMPORT_VISIBILITY = YES;
				SWIFT_VERSION = 5.0;
				TARGETED_DEVICE_FAMILY = "1,2,7";
				TEST_HOST = "$(BUILT_PRODUCTS_DIR)/Ledger 8.app/$(BUNDLE_EXECUTABLE_FOLDER_PATH)/Ledger 8";
				XROS_DEPLOYMENT_TARGET = 26.0;
			};
			name = Debug;
		};
		660EDFA62EB43C6A007A6895 /* Release */ = {
			isa = XCBuildConfiguration;
			buildSettings = {
				BUNDLE_LOADER = "$(TEST_HOST)";
				CODE_SIGN_STYLE = Automatic;
				CURRENT_PROJECT_VERSION = 1;
				DEVELOPMENT_TEAM = 976JPUPMGY;
				GENERATE_INFOPLIST_FILE = YES;
				IPHONEOS_DEPLOYMENT_TARGET = 26.0;
				MACOSX_DEPLOYMENT_TARGET = 26.0;
				MARKETING_VERSION = 1.0;
				PRODUCT_BUNDLE_IDENTIFIER = "com.witcher.Ledger-8Tests";
				PRODUCT_NAME = "$(TARGET_NAME)";
				SDKROOT = auto;
				STRING_CATALOG_GENERATE_SYMBOLS = NO;
				SUPPORTED_PLATFORMS = "iphoneos iphonesimulator macosx xros xrsimulator";
				SWIFT_APPROACHABLE_CONCURRENCY = YES;
				SWIFT_EMIT_LOC_STRINGS = NO;
				SWIFT_UPCOMING_FEATURE_MEMBER_IMPORT_VISIBILITY = YES;
				SWIFT_VERSION = 5.0;
				TARGETED_DEVICE_FAMILY = "1,2,7";
				TEST_HOST = "$(BUILT_PRODUCTS_DIR)/Ledger 8.app/$(BUNDLE_EXECUTABLE_FOLDER_PATH)/Ledger 8";
				XROS_DEPLOYMENT_TARGET = 26.0;
			};
			name = Release;
		};
		66C6161B2DAF2B2F00161D7E /* Debug */ = {
			isa = XCBuildConfiguration;
			buildSettings = {
				ALWAYS_SEARCH_USER_PATHS = NO;
				ASSETCATALOG_COMPILER_GENERATE_SWIFT_ASSET_SYMBOL_EXTENSIONS = YES;
				CLANG_ANALYZER_NONNULL = YES;
				CLANG_ANALYZER_NUMBER_OBJECT_CONVERSION = YES_AGGRESSIVE;
				CLANG_CXX_LANGUAGE_STANDARD = "gnu++20";
				CLANG_ENABLE_MODULES = YES;
				CLANG_ENABLE_OBJC_ARC = YES;
				CLANG_ENABLE_OBJC_WEAK = YES;
				CLANG_WARN_BLOCK_CAPTURE_AUTORELEASING = YES;
				CLANG_WARN_BOOL_CONVERSION = YES;
				CLANG_WARN_COMMA = YES;
				CLANG_WARN_CONSTANT_CONVERSION = YES;
				CLANG_WARN_DEPRECATED_OBJC_IMPLEMENTATIONS = YES;
				CLANG_WARN_DIRECT_OBJC_ISA_USAGE = YES_ERROR;
				CLANG_WARN_DOCUMENTATION_COMMENTS = YES;
				CLANG_WARN_EMPTY_BODY = YES;
				CLANG_WARN_ENUM_CONVERSION = YES;
				CLANG_WARN_INFINITE_RECURSION = YES;
				CLANG_WARN_INT_CONVERSION = YES;
				CLANG_WARN_NON_LITERAL_NULL_CONVERSION = YES;
				CLANG_WARN_OBJC_IMPLICIT_RETAIN_SELF = YES;
				CLANG_WARN_OBJC_LITERAL_CONVERSION = YES;
				CLANG_WARN_OBJC_ROOT_CLASS = YES_ERROR;
				CLANG_WARN_QUOTED_INCLUDE_IN_FRAMEWORK_HEADER = YES;
				CLANG_WARN_RANGE_LOOP_ANALYSIS = YES;
				CLANG_WARN_STRICT_PROTOTYPES = YES;
				CLANG_WARN_SUSPICIOUS_MOVE = YES;
				CLANG_WARN_UNGUARDED_AVAILABILITY = YES_AGGRESSIVE;
				CLANG_WARN_UNREACHABLE_CODE = YES;
				CLANG_WARN__DUPLICATE_METHOD_MATCH = YES;
				COPY_PHASE_STRIP = NO;
				DEBUG_INFORMATION_FORMAT = dwarf;
				DEVELOPMENT_TEAM = 976JPUPMGY;
				ENABLE_STRICT_OBJC_MSGSEND = YES;
				ENABLE_TESTABILITY = YES;
				ENABLE_USER_SCRIPT_SANDBOXING = YES;
				GCC_C_LANGUAGE_STANDARD = gnu17;
				GCC_DYNAMIC_NO_PIC = NO;
				GCC_NO_COMMON_BLOCKS = YES;
				GCC_OPTIMIZATION_LEVEL = 0;
				GCC_PREPROCESSOR_DEFINITIONS = (
					"DEBUG=1",
					"$(inherited)",
				);
				GCC_WARN_64_TO_32_BIT_CONVERSION = YES;
				GCC_WARN_ABOUT_RETURN_TYPE = YES_ERROR;
				GCC_WARN_UNDECLARED_SELECTOR = YES;
				GCC_WARN_UNINITIALIZED_AUTOS = YES_AGGRESSIVE;
				GCC_WARN_UNUSED_FUNCTION = YES;
				GCC_WARN_UNUSED_VARIABLE = YES;
				IPHONEOS_DEPLOYMENT_TARGET = 18.2;
				LOCALIZATION_PREFERS_STRING_CATALOGS = YES;
				MTL_ENABLE_DEBUG_INFO = INCLUDE_SOURCE;
				MTL_FAST_MATH = YES;
				ONLY_ACTIVE_ARCH = YES;
				SDKROOT = iphoneos;
				STRING_CATALOG_GENERATE_SYMBOLS = YES;
				SWIFT_ACTIVE_COMPILATION_CONDITIONS = "DEBUG $(inherited)";
				SWIFT_OPTIMIZATION_LEVEL = "-Onone";
			};
			name = Debug;
		};
		66C6161C2DAF2B2F00161D7E /* Release */ = {
			isa = XCBuildConfiguration;
			buildSettings = {
				ALWAYS_SEARCH_USER_PATHS = NO;
				ASSETCATALOG_COMPILER_GENERATE_SWIFT_ASSET_SYMBOL_EXTENSIONS = YES;
				CLANG_ANALYZER_NONNULL = YES;
				CLANG_ANALYZER_NUMBER_OBJECT_CONVERSION = YES_AGGRESSIVE;
				CLANG_CXX_LANGUAGE_STANDARD = "gnu++20";
				CLANG_ENABLE_MODULES = YES;
				CLANG_ENABLE_OBJC_ARC = YES;
				CLANG_ENABLE_OBJC_WEAK = YES;
				CLANG_WARN_BLOCK_CAPTURE_AUTORELEASING = YES;
				CLANG_WARN_BOOL_CONVERSION = YES;
				CLANG_WARN_COMMA = YES;
				CLANG_WARN_CONSTANT_CONVERSION = YES;
				CLANG_WARN_DEPRECATED_OBJC_IMPLEMENTATIONS = YES;
				CLANG_WARN_DIRECT_OBJC_ISA_USAGE = YES_ERROR;
				CLANG_WARN_DOCUMENTATION_COMMENTS = YES;
				CLANG_WARN_EMPTY_BODY = YES;
				CLANG_WARN_ENUM_CONVERSION = YES;
				CLANG_WARN_INFINITE_RECURSION = YES;
				CLANG_WARN_INT_CONVERSION = YES;
				CLANG_WARN_NON_LITERAL_NULL_CONVERSION = YES;
				CLANG_WARN_OBJC_IMPLICIT_RETAIN_SELF = YES;
				CLANG_WARN_OBJC_LITERAL_CONVERSION = YES;
				CLANG_WARN_OBJC_ROOT_CLASS = YES_ERROR;
				CLANG_WARN_QUOTED_INCLUDE_IN_FRAMEWORK_HEADER = YES;
				CLANG_WARN_RANGE_LOOP_ANALYSIS = YES;
				CLANG_WARN_STRICT_PROTOTYPES = YES;
				CLANG_WARN_SUSPICIOUS_MOVE = YES;
				CLANG_WARN_UNGUARDED_AVAILABILITY = YES_AGGRESSIVE;
				CLANG_WARN_UNREACHABLE_CODE = YES;
				CLANG_WARN__DUPLICATE_METHOD_MATCH = YES;
				COPY_PHASE_STRIP = NO;
				DEBUG_INFORMATION_FORMAT = "dwarf-with-dsym";
				DEVELOPMENT_TEAM = 976JPUPMGY;
				ENABLE_NS_ASSERTIONS = NO;
				ENABLE_STRICT_OBJC_MSGSEND = YES;
				ENABLE_USER_SCRIPT_SANDBOXING = YES;
				GCC_C_LANGUAGE_STANDARD = gnu17;
				GCC_NO_COMMON_BLOCKS = YES;
				GCC_WARN_64_TO_32_BIT_CONVERSION = YES;
				GCC_WARN_ABOUT_RETURN_TYPE = YES_ERROR;
				GCC_WARN_UNDECLARED_SELECTOR = YES;
				GCC_WARN_UNINITIALIZED_AUTOS = YES_AGGRESSIVE;
				GCC_WARN_UNUSED_FUNCTION = YES;
				GCC_WARN_UNUSED_VARIABLE = YES;
				IPHONEOS_DEPLOYMENT_TARGET = 18.2;
				LOCALIZATION_PREFERS_STRING_CATALOGS = YES;
				MTL_ENABLE_DEBUG_INFO = NO;
				MTL_FAST_MATH = YES;
				SDKROOT = iphoneos;
				STRING_CATALOG_GENERATE_SYMBOLS = YES;
				SWIFT_COMPILATION_MODE = wholemodule;
				VALIDATE_PRODUCT = YES;
			};
			name = Release;
		};
		66C6161E2DAF2B2F00161D7E /* Debug */ = {
			isa = XCBuildConfiguration;
			buildSettings = {
				ASSETCATALOG_COMPILER_APPICON_NAME = AppIcon;
				ASSETCATALOG_COMPILER_GLOBAL_ACCENT_COLOR_NAME = AccentColor;
				CODE_SIGN_STYLE = Automatic;
				CURRENT_PROJECT_VERSION = 3;
				DEVELOPMENT_ASSET_PATHS = "\"Ledger 8/Preview Content\"";
				ENABLE_PREVIEWS = YES;
				GENERATE_INFOPLIST_FILE = YES;
				INFOPLIST_FILE = "Ledger-8-Info.plist";
				INFOPLIST_KEY_CFBundleDisplayName = "Gig Tracker";
				INFOPLIST_KEY_LSApplicationCategoryType = "public.app-category.business";
				INFOPLIST_KEY_LSSupportsOpeningDocumentsInPlace = YES;
				INFOPLIST_KEY_NSHumanReadableCopyright = "GW Apps 2025";
				INFOPLIST_KEY_UIApplicationSceneManifest_Generation = YES;
				INFOPLIST_KEY_UIApplicationSupportsIndirectInputEvents = YES;
				INFOPLIST_KEY_UISupportedInterfaceOrientations = "UIInterfaceOrientationLandscapeLeft UIInterfaceOrientationLandscapeRight UIInterfaceOrientationPortrait UIInterfaceOrientationPortraitUpsideDown";
				INFOPLIST_KEY_UISupportsDocumentBrowser = YES;
				LD_RUNPATH_SEARCH_PATHS = (
					"$(inherited)",
					"@executable_path/Frameworks",
				);
				MARKETING_VERSION = 1.0;
				PRODUCT_BUNDLE_IDENTIFIER = "com.witcher.Ledger-8";
				PRODUCT_NAME = "$(TARGET_NAME)";
				SUPPORTED_PLATFORMS = "iphoneos iphonesimulator";
				SUPPORTS_MACCATALYST = NO;
				SUPPORTS_MAC_DESIGNED_FOR_IPHONE_IPAD = NO;
				SUPPORTS_XR_DESIGNED_FOR_IPHONE_IPAD = NO;
				SWIFT_EMIT_LOC_STRINGS = YES;
				SWIFT_VERSION = 5.0;
				TARGETED_DEVICE_FAMILY = 1;
			};
			name = Debug;
		};
		66C6161F2DAF2B2F00161D7E /* Release */ = {
			isa = XCBuildConfiguration;
			buildSettings = {
				ASSETCATALOG_COMPILER_APPICON_NAME = AppIcon;
				ASSETCATALOG_COMPILER_GLOBAL_ACCENT_COLOR_NAME = AccentColor;
				CODE_SIGN_STYLE = Automatic;
				CURRENT_PROJECT_VERSION = 3;
				DEVELOPMENT_ASSET_PATHS = "\"Ledger 8/Preview Content\"";
				ENABLE_PREVIEWS = YES;
				GENERATE_INFOPLIST_FILE = YES;
				INFOPLIST_FILE = "Ledger-8-Info.plist";
				INFOPLIST_KEY_CFBundleDisplayName = "Gig Tracker";
				INFOPLIST_KEY_LSApplicationCategoryType = "public.app-category.business";
				INFOPLIST_KEY_LSSupportsOpeningDocumentsInPlace = YES;
				INFOPLIST_KEY_NSHumanReadableCopyright = "GW Apps 2025";
				INFOPLIST_KEY_UIApplicationSceneManifest_Generation = YES;
				INFOPLIST_KEY_UIApplicationSupportsIndirectInputEvents = YES;
				INFOPLIST_KEY_UISupportedInterfaceOrientations = "UIInterfaceOrientationLandscapeLeft UIInterfaceOrientationLandscapeRight UIInterfaceOrientationPortrait UIInterfaceOrientationPortraitUpsideDown";
				INFOPLIST_KEY_UISupportsDocumentBrowser = YES;
				LD_RUNPATH_SEARCH_PATHS = (
					"$(inherited)",
					"@executable_path/Frameworks",
				);
				MARKETING_VERSION = 1.0;
				PRODUCT_BUNDLE_IDENTIFIER = "com.witcher.Ledger-8";
				PRODUCT_NAME = "$(TARGET_NAME)";
				SUPPORTED_PLATFORMS = "iphoneos iphonesimulator";
				SUPPORTS_MACCATALYST = NO;
				SUPPORTS_MAC_DESIGNED_FOR_IPHONE_IPAD = NO;
				SUPPORTS_XR_DESIGNED_FOR_IPHONE_IPAD = NO;
				SWIFT_EMIT_LOC_STRINGS = YES;
				SWIFT_VERSION = 5.0;
				TARGETED_DEVICE_FAMILY = 1;
			};
			name = Release;
		};
/* End XCBuildConfiguration section */

/* Begin XCConfigurationList section */
		660EDFA42EB43C6A007A6895 /* Build configuration list for PBXNativeTarget "Ledger 8Tests" */ = {
			isa = XCConfigurationList;
			buildConfigurations = (
				660EDFA52EB43C6A007A6895 /* Debug */,
				660EDFA62EB43C6A007A6895 /* Release */,
			);
			defaultConfigurationIsVisible = 0;
			defaultConfigurationName = Release;
		};
		66C6160A2DAF2B2E00161D7E /* Build configuration list for PBXProject "Ledger 8 Main" */ = {
			isa = XCConfigurationList;
			buildConfigurations = (
				66C6161B2DAF2B2F00161D7E /* Debug */,
				66C6161C2DAF2B2F00161D7E /* Release */,
			);
			defaultConfigurationIsVisible = 0;
			defaultConfigurationName = Release;
		};
		66C6161D2DAF2B2F00161D7E /* Build configuration list for PBXNativeTarget "Ledger 8" */ = {
			isa = XCConfigurationList;
			buildConfigurations = (
				66C6161E2DAF2B2F00161D7E /* Debug */,
				66C6161F2DAF2B2F00161D7E /* Release */,
			);
			defaultConfigurationIsVisible = 0;
			defaultConfigurationName = Release;
		};
/* End XCConfigurationList section */

/* Begin XCRemoteSwiftPackageReference section */
		66C6165E2DB00BBF00161D7E /* XCRemoteSwiftPackageReference "SwiftUIFontIcon" */ = {
			isa = XCRemoteSwiftPackageReference;
			repositoryURL = "https://github.com/huybuidac/SwiftUIFontIcon";
			requirement = {
				kind = upToNextMajorVersion;
				minimumVersion = 2.1.0;
			};
		};
/* End XCRemoteSwiftPackageReference section */

/* Begin XCSwiftPackageProductDependency section */
		66C6165F2DB00BBF00161D7E /* SwiftUIFontIcon */ = {
			isa = XCSwiftPackageProductDependency;
			package = 66C6165E2DB00BBF00161D7E /* XCRemoteSwiftPackageReference "SwiftUIFontIcon" */;
			productName = SwiftUIFontIcon;
		};
/* End XCSwiftPackageProductDependency section */
	};
	rootObject = 66C616072DAF2B2E00161D7E /* Project object */;
}
